{
  "nodes": {
    "nixpkgs": {
      "locked": {
        "lastModified": 1729691686,
        "narHash": "sha256-BAuPWW+9fa1moZTU+jFh+1cUtmsuF8asgzFwejM4wac=",
        "rev": "32e940c7c420600ef0d1ef396dc63b04ee9cad37",
        "revCount": 636089,
        "type": "tarball",
        "url": "https://api.flakehub.com/f/pinned/NixOS/nixpkgs/0.2405.636089%2Brev-32e940c7c420600ef0d1ef396dc63b04ee9cad37/0192bfae-1d8a-7942-8afe-275b30ae6ef9/source.tar.gz"
      },
      "original": {
        "type": "tarball",
        "url": "https://flakehub.com/f/NixOS/nixpkgs/0.2405.%2A"
      }
    },
    "root": {
      "inputs": {
        "nixpkgs": "nixpkgs"
      }
    }
  },
  "root": "root",
  "version": 7
}
